
Microsoft Visual Studio Solution File, Format Version 12.00
# Visual Studio 2013
VisualStudioVersion = 12.0.30501.0
MinimumVisualStudioVersion = 10.0.40219.1
Project("{FAE04EC0-301F-11D3-BF4B-00C04F79EFBC}") = "University.Models", "University.Models\University.Models.csproj", "{970AA2D2-65E9-4768-ACB4-B7629C10B9BB}"
EndProject
Project("{FAE04EC0-301F-11D3-BF4B-00C04F79EFBC}") = "University.Data", "University.Data\University.Data.csproj", "{0DDBB2B7-D4EC-4730-8687-6E25E2917FC2}"
EndProject
Project("{FAE04EC0-301F-11D3-BF4B-00C04F79EFBC}") = "University.ConsoleClient", "University.ConsoleClient\University.ConsoleClient.csproj", "{1CFEE976-5729-4C6E-8D35-CF0DF87AD3CF}"
EndProject
Global
	GlobalSection(SolutionConfigurationPlatforms) = preSolution
		Debug|Any CPU = Debug|Any CPU
		Release|Any CPU = Release|Any CPU
	EndGlobalSection
	GlobalSection(ProjectConfigurationPlatforms) = postSolution
		{970AA2D2-65E9-4768-ACB4-B7629C10B9BB}.Debug|Any CPU.ActiveCfg = Debug|Any CPU
		{970AA2D2-65E9-4768-ACB4-B7629C10B9BB}.Debug|Any CPU.Build.0 = Debug|Any CPU
		{970AA2D2-65E9-4768-ACB4-B7629C10B9BB}.Release|Any CPU.ActiveCfg = Release|Any CPU
		{970AA2D2-65E9-4768-ACB4-B7629C10B9BB}.Release|Any CPU.Build.0 = Release|Any CPU
		{0DDBB2B7-D4EC-4730-8687-6E25E2917FC2}.Debug|Any CPU.ActiveCfg = Debug|Any CPU
		{0DDBB2B7-D4EC-4730-8687-6E25E2917FC2}.Debug|Any CPU.Build.0 = Debug|Any CPU
		{0DDBB2B7-D4EC-4730-8687-6E25E2917FC2}.Release|Any CPU.ActiveCfg = Release|Any CPU
		{0DDBB2B7-D4EC-4730-8687-6E25E2917FC2}.Release|Any CPU.Build.0 = Release|Any CPU
		{1CFEE976-5729-4C6E-8D35-CF0DF87AD3CF}.Debug|Any CPU.ActiveCfg = Debug|Any CPU
		{1CFEE976-5729-4C6E-8D35-CF0DF87AD3CF}.Debug|Any CPU.Build.0 = Debug|Any CPU
		{1CFEE976-5729-4C6E-8D35-CF0DF87AD3CF}.Release|Any CPU.ActiveCfg = Release|Any CPU
		{1CFEE976-5729-4C6E-8D35-CF0DF87AD3CF}.Release|Any CPU.Build.0 = Release|Any CPU
	EndGlobalSection
	GlobalSection(SolutionProperties) = preSolution
		HideSolutionNode = FALSE
	EndGlobalSection
EndGlobal
